
Microsoft Visual Studio Solution File, Format Version 12.00
# Visual Studio 15
VisualStudioVersion = 15.0.28010.2036
MinimumVisualStudioVersion = 10.0.40219.1
Project("{FAE04EC0-301F-11D3-BF4B-00C04F79EFBC}") = "roteiro4_ex3", "roteiro4_ex3\roteiro4_ex3.csproj", "{5A3C1EBB-A18A-4A3B-A6D3-34DA253B64EA}"
EndProject
Global
	GlobalSection(SolutionConfigurationPlatforms) = preSolution
		Debug|Any CPU = Debug|Any CPU
		Release|Any CPU = Release|Any CPU
	EndGlobalSection
	GlobalSection(ProjectConfigurationPlatforms) = postSolution
		{5A3C1EBB-A18A-4A3B-A6D3-34DA253B64EA}.Debug|Any CPU.ActiveCfg = Debug|Any CPU
		{5A3C1EBB-A18A-4A3B-A6D3-34DA253B64EA}.Debug|Any CPU.Build.0 = Debug|Any CPU
		{5A3C1EBB-A18A-4A3B-A6D3-34DA253B64EA}.Release|Any CPU.ActiveCfg = Release|Any CPU
		{5A3C1EBB-A18A-4A3B-A6D3-34DA253B64EA}.Release|Any CPU.Build.0 = Release|Any CPU
	EndGlobalSection
	GlobalSection(SolutionProperties) = preSolution
		HideSolutionNode = FALSE
	EndGlobalSection
	GlobalSection(ExtensibilityGlobals) = postSolution
		SolutionGuid = {589A8D2A-3BE5-4507-B271-62756BC09BA4}
	EndGlobalSection
EndGlobal
